// !$*UTF8*$!
{
	archiveVersion = 1;
	classes = {
	};
	objectVersion = 46;
	objects = {

/* Begin PBXBuildFile section */
		1A933DAE1E09581C00EB2BAA /* main.m in Sources */ = {isa = PBXBuildFile; fileRef = 1A933DAD1E09581C00EB2BAA /* main.m */; };
		1A933DB11E09581C00EB2BAA /* AppDelegate.m in Sources */ = {isa = PBXBuildFile; fileRef = 1A933DB01E09581C00EB2BAA /* AppDelegate.m */; };
		1A933DB41E09581C00EB2BAA /* ViewController.m in Sources */ = {isa = PBXBuildFile; fileRef = 1A933DB31E09581C00EB2BAA /* ViewController.m */; };
		1A933DB71E09581C00EB2BAA /* Main.storyboard in Resources */ = {isa = PBXBuildFile; fileRef = 1A933DB51E09581C00EB2BAA /* Main.storyboard */; };
		1A933DB91E09581C00EB2BAA /* Assets.xcassets in Resources */ = {isa = PBXBuildFile; fileRef = 1A933DB81E09581C00EB2BAA /* Assets.xcassets */; };
		1A933DBC1E09581C00EB2BAA /* LaunchScreen.storyboard in Resources */ = {isa = PBXBuildFile; fileRef = 1A933DBA1E09581C00EB2BAA /* LaunchScreen.storyboard */; };
		1A933DFA1E0958E600EB2BAA /* AFHTTPSessionManager.m in Sources */ = {isa = PBXBuildFile; fileRef = 1A933DC71E0958E600EB2BAA /* AFHTTPSessionManager.m */; };
		1A933DFB1E0958E600EB2BAA /* AFNetworkReachabilityManager.m in Sources */ = {isa = PBXBuildFile; fileRef = 1A933DCA1E0958E600EB2BAA /* AFNetworkReachabilityManager.m */; };
		1A933DFC1E0958E600EB2BAA /* AFSecurityPolicy.m in Sources */ = {isa = PBXBuildFile; fileRef = 1A933DCC1E0958E600EB2BAA /* AFSecurityPolicy.m */; };
		1A933DFD1E0958E600EB2BAA /* AFURLRequestSerialization.m in Sources */ = {isa = PBXBuildFile; fileRef = 1A933DCE1E0958E600EB2BAA /* AFURLRequestSerialization.m */; };
		1A933DFE1E0958E600EB2BAA /* AFURLResponseSerialization.m in Sources */ = {isa = PBXBuildFile; fileRef = 1A933DD01E0958E600EB2BAA /* AFURLResponseSerialization.m */; };
		1A933DFF1E0958E600EB2BAA /* AFURLSessionManager.m in Sources */ = {isa = PBXBuildFile; fileRef = 1A933DD21E0958E600EB2BAA /* AFURLSessionManager.m */; };
		1A933E021E0958E600EB2BAA /* AFAutoPurgingImageCache.m in Sources */ = {isa = PBXBuildFile; fileRef = 1A933DD71E0958E600EB2BAA /* AFAutoPurgingImageCache.m */; };
		1A933E031E0958E600EB2BAA /* AFImageDownloader.m in Sources */ = {isa = PBXBuildFile; fileRef = 1A933DD91E0958E600EB2BAA /* AFImageDownloader.m */; };
		1A933E041E0958E600EB2BAA /* AFNetworkActivityIndicatorManager.m in Sources */ = {isa = PBXBuildFile; fileRef = 1A933DDB1E0958E600EB2BAA /* AFNetworkActivityIndicatorManager.m */; };
		1A933E051E0958E600EB2BAA /* UIActivityIndicatorView+AFNetworking.m in Sources */ = {isa = PBXBuildFile; fileRef = 1A933DDD1E0958E600EB2BAA /* UIActivityIndicatorView+AFNetworking.m */; };
		1A933E061E0958E600EB2BAA /* UIButton+AFNetworking.m in Sources */ = {isa = PBXBuildFile; fileRef = 1A933DDF1E0958E600EB2BAA /* UIButton+AFNetworking.m */; };
		1A933E071E0958E600EB2BAA /* UIImageView+AFNetworking.m in Sources */ = {isa = PBXBuildFile; fileRef = 1A933DE21E0958E600EB2BAA /* UIImageView+AFNetworking.m */; };
		1A933E081E0958E600EB2BAA /* UIProgressView+AFNetworking.m in Sources */ = {isa = PBXBuildFile; fileRef = 1A933DE51E0958E600EB2BAA /* UIProgressView+AFNetworking.m */; };
		1A933E091E0958E600EB2BAA /* UIRefreshControl+AFNetworking.m in Sources */ = {isa = PBXBuildFile; fileRef = 1A933DE71E0958E600EB2BAA /* UIRefreshControl+AFNetworking.m */; };
		1A933E0A1E0958E600EB2BAA /* UIWebView+AFNetworking.m in Sources */ = {isa = PBXBuildFile; fileRef = 1A933DE91E0958E600EB2BAA /* UIWebView+AFNetworking.m */; };
		1A933E0B1E0958E600EB2BAA /* QCWeChatPayHandler.m in Sources */ = {isa = PBXBuildFile; fileRef = 1A933DED1E0958E600EB2BAA /* QCWeChatPayHandler.m */; };
		1A933E0C1E0958E600EB2BAA /* QCWeChatSignAdaptor.m in Sources */ = {isa = PBXBuildFile; fileRef = 1A933DEF1E0958E600EB2BAA /* QCWeChatSignAdaptor.m */; };
		1A933E0F1E0958E600EB2BAA /* libWeChatSDK.a in Frameworks */ = {isa = PBXBuildFile; fileRef = 1A933DF51E0958E600EB2BAA /* libWeChatSDK.a */; };
		1A933E101E0958E600EB2BAA /* README.txt in Resources */ = {isa = PBXBuildFile; fileRef = 1A933DF61E0958E600EB2BAA /* README.txt */; };
		1A933E141E09599600EB2BAA /* libz.tbd in Frameworks */ = {isa = PBXBuildFile; fileRef = 1A933E131E09599600EB2BAA /* libz.tbd */; };
		1A933E161E09599C00EB2BAA /* libc++.tbd in Frameworks */ = {isa = PBXBuildFile; fileRef = 1A933E151E09599C00EB2BAA /* libc++.tbd */; };
		1A933E181E0959A300EB2BAA /* libsqlite3.0.tbd in Frameworks */ = {isa = PBXBuildFile; fileRef = 1A933E171E0959A300EB2BAA /* libsqlite3.0.tbd */; };
		1A933E1A1E0959A900EB2BAA /* SystemConfiguration.framework in Frameworks */ = {isa = PBXBuildFile; fileRef = 1A933E191E0959A900EB2BAA /* SystemConfiguration.framework */; };
		1A933E1C1E0959AF00EB2BAA /* CoreTelephony.framework in Frameworks */ = {isa = PBXBuildFile; fileRef = 1A933E1B1E0959AF00EB2BAA /* CoreTelephony.framework */; };
		1A933E1E1E0959B400EB2BAA /* Security.framework in Frameworks */ = {isa = PBXBuildFile; fileRef = 1A933E1D1E0959B400EB2BAA /* Security.framework */; };
		1A933E201E0959BB00EB2BAA /* CFNetwork.framework in Frameworks */ = {isa = PBXBuildFile; fileRef = 1A933E1F1E0959BB00EB2BAA /* CFNetwork.framework */; };
		1AAC92DA1E0AC619005840F0 /* QCWeChatPayManager.m in Sources */ = {isa = PBXBuildFile; fileRef = 1AAC92D91E0AC619005840F0 /* QCWeChatPayManager.m */; };
		1AAC92DE1E0AC9F6005840F0 /* XMLDictionary.m in Sources */ = {isa = PBXBuildFile; fileRef = 1AAC92DD1E0AC9F6005840F0 /* XMLDictionary.m */; };
/* End PBXBuildFile section */

/* Begin PBXFileReference section */
		1A933DA91E09581C00EB2BAA /* QCWeChatPayDemo.app */ = {isa = PBXFileReference; explicitFileType = wrapper.application; includeInIndex = 0; path = QCWeChatPayDemo.app; sourceTree = BUILT_PRODUCTS_DIR; };
		1A933DAD1E09581C00EB2BAA /* main.m */ = {isa = PBXFileReference; lastKnownFileType = sourcecode.c.objc; path = main.m; sourceTree = "<group>"; };
		1A933DAF1E09581C00EB2BAA /* AppDelegate.h */ = {isa = PBXFileReference; lastKnownFileType = sourcecode.c.h; path = AppDelegate.h; sourceTree = "<group>"; };
		1A933DB01E09581C00EB2BAA /* AppDelegate.m */ = {isa = PBXFileReference; lastKnownFileType = sourcecode.c.objc; path = AppDelegate.m; sourceTree = "<group>"; };
		1A933DB21E09581C00EB2BAA /* ViewController.h */ = {isa = PBXFileReference; lastKnownFileType = sourcecode.c.h; path = ViewController.h; sourceTree = "<group>"; };
		1A933DB31E09581C00EB2BAA /* ViewController.m */ = {isa = PBXFileReference; lastKnownFileType = sourcecode.c.objc; path = ViewController.m; sourceTree = "<group>"; };
		1A933DB61E09581C00EB2BAA /* Base */ = {isa = PBXFileReference; lastKnownFileType = file.storyboard; name = Base; path = Base.lproj/Main.storyboard; sourceTree = "<group>"; };
		1A933DB81E09581C00EB2BAA /* Assets.xcassets */ = {isa = PBXFileReference; lastKnownFileType = folder.assetcatalog; path = Assets.xcassets; sourceTree = "<group>"; };
		1A933DBB1E09581C00EB2BAA /* Base */ = {isa = PBXFileReference; lastKnownFileType = file.storyboard; name = Base; path = Base.lproj/LaunchScreen.storyboard; sourceTree = "<group>"; };
		1A933DBD1E09581C00EB2BAA /* Info.plist */ = {isa = PBXFileReference; lastKnownFileType = text.plist.xml; path = Info.plist; sourceTree = "<group>"; };
		1A933DC61E0958E600EB2BAA /* AFHTTPSessionManager.h */ = {isa = PBXFileReference; fileEncoding = 4; lastKnownFileType = sourcecode.c.h; path = AFHTTPSessionManager.h; sourceTree = "<group>"; };
		1A933DC71E0958E600EB2BAA /* AFHTTPSessionManager.m */ = {isa = PBXFileReference; fileEncoding = 4; lastKnownFileType = sourcecode.c.objc; path = AFHTTPSessionManager.m; sourceTree = "<group>"; };
		1A933DC81E0958E600EB2BAA /* AFNetworking.h */ = {isa = PBXFileReference; fileEncoding = 4; lastKnownFileType = sourcecode.c.h; path = AFNetworking.h; sourceTree = "<group>"; };
		1A933DC91E0958E600EB2BAA /* AFNetworkReachabilityManager.h */ = {isa = PBXFileReference; fileEncoding = 4; lastKnownFileType = sourcecode.c.h; path = AFNetworkReachabilityManager.h; sourceTree = "<group>"; };
		1A933DCA1E0958E600EB2BAA /* AFNetworkReachabilityManager.m */ = {isa = PBXFileReference; fileEncoding = 4; lastKnownFileType = sourcecode.c.objc; path = AFNetworkReachabilityManager.m; sourceTree = "<group>"; };
		1A933DCB1E0958E600EB2BAA /* AFSecurityPolicy.h */ = {isa = PBXFileReference; fileEncoding = 4; lastKnownFileType = sourcecode.c.h; path = AFSecurityPolicy.h; sourceTree = "<group>"; };
		1A933DCC1E0958E600EB2BAA /* AFSecurityPolicy.m */ = {isa = PBXFileReference; fileEncoding = 4; lastKnownFileType = sourcecode.c.objc; path = AFSecurityPolicy.m; sourceTree = "<group>"; };
		1A933DCD1E0958E600EB2BAA /* AFURLRequestSerialization.h */ = {isa = PBXFileReference; fileEncoding = 4; lastKnownFileType = sourcecode.c.h; path = AFURLRequestSerialization.h; sourceTree = "<group>"; };
		1A933DCE1E0958E600EB2BAA /* AFURLRequestSerialization.m */ = {isa = PBXFileReference; fileEncoding = 4; lastKnownFileType = sourcecode.c.objc; path = AFURLRequestSerialization.m; sourceTree = "<group>"; };
		1A933DCF1E0958E600EB2BAA /* AFURLResponseSerialization.h */ = {isa = PBXFileReference; fileEncoding = 4; lastKnownFileType = sourcecode.c.h; path = AFURLResponseSerialization.h; sourceTree = "<group>"; };
		1A933DD01E0958E600EB2BAA /* AFURLResponseSerialization.m */ = {isa = PBXFileReference; fileEncoding = 4; lastKnownFileType = sourcecode.c.objc; path = AFURLResponseSerialization.m; sourceTree = "<group>"; };
		1A933DD11E0958E600EB2BAA /* AFURLSessionManager.h */ = {isa = PBXFileReference; fileEncoding = 4; lastKnownFileType = sourcecode.c.h; path = AFURLSessionManager.h; sourceTree = "<group>"; };
		1A933DD21E0958E600EB2BAA /* AFURLSessionManager.m */ = {isa = PBXFileReference; fileEncoding = 4; lastKnownFileType = sourcecode.c.objc; path = AFURLSessionManager.m; sourceTree = "<group>"; };
		1A933DD31E0958E600EB2BAA /* AFNetworking.md */ = {isa = PBXFileReference; fileEncoding = 4; lastKnownFileType = net.daringfireball.markdown; path = AFNetworking.md; sourceTree = "<group>"; };
		1A933DD41E0958E600EB2BAA /* README.md */ = {isa = PBXFileReference; fileEncoding = 4; lastKnownFileType = net.daringfireball.markdown; path = README.md; sourceTree = "<group>"; };
		1A933DD61E0958E600EB2BAA /* AFAutoPurgingImageCache.h */ = {isa = PBXFileReference; fileEncoding = 4; lastKnownFileType = sourcecode.c.h; path = AFAutoPurgingImageCache.h; sourceTree = "<group>"; };
		1A933DD71E0958E600EB2BAA /* AFAutoPurgingImageCache.m */ = {isa = PBXFileReference; fileEncoding = 4; lastKnownFileType = sourcecode.c.objc; path = AFAutoPurgingImageCache.m; sourceTree = "<group>"; };
		1A933DD81E0958E600EB2BAA /* AFImageDownloader.h */ = {isa = PBXFileReference; fileEncoding = 4; lastKnownFileType = sourcecode.c.h; path = AFImageDownloader.h; sourceTree = "<group>"; };
		1A933DD91E0958E600EB2BAA /* AFImageDownloader.m */ = {isa = PBXFileReference; fileEncoding = 4; lastKnownFileType = sourcecode.c.objc; path = AFImageDownloader.m; sourceTree = "<group>"; };
		1A933DDA1E0958E600EB2BAA /* AFNetworkActivityIndicatorManager.h */ = {isa = PBXFileReference; fileEncoding = 4; lastKnownFileType = sourcecode.c.h; path = AFNetworkActivityIndicatorManager.h; sourceTree = "<group>"; };
		1A933DDB1E0958E600EB2BAA /* AFNetworkActivityIndicatorManager.m */ = {isa = PBXFileReference; fileEncoding = 4; lastKnownFileType = sourcecode.c.objc; path = AFNetworkActivityIndicatorManager.m; sourceTree = "<group>"; };
		1A933DDC1E0958E600EB2BAA /* UIActivityIndicatorView+AFNetworking.h */ = {isa = PBXFileReference; fileEncoding = 4; lastKnownFileType = sourcecode.c.h; path = "UIActivityIndicatorView+AFNetworking.h"; sourceTree = "<group>"; };
		1A933DDD1E0958E600EB2BAA /* UIActivityIndicatorView+AFNetworking.m */ = {isa = PBXFileReference; fileEncoding = 4; lastKnownFileType = sourcecode.c.objc; path = "UIActivityIndicatorView+AFNetworking.m"; sourceTree = "<group>"; };
		1A933DDE1E0958E600EB2BAA /* UIButton+AFNetworking.h */ = {isa = PBXFileReference; fileEncoding = 4; lastKnownFileType = sourcecode.c.h; path = "UIButton+AFNetworking.h"; sourceTree = "<group>"; };
		1A933DDF1E0958E600EB2BAA /* UIButton+AFNetworking.m */ = {isa = PBXFileReference; fileEncoding = 4; lastKnownFileType = sourcecode.c.objc; path = "UIButton+AFNetworking.m"; sourceTree = "<group>"; };
		1A933DE01E0958E600EB2BAA /* UIImage+AFNetworking.h */ = {isa = PBXFileReference; fileEncoding = 4; lastKnownFileType = sourcecode.c.h; path = "UIImage+AFNetworking.h"; sourceTree = "<group>"; };
		1A933DE11E0958E600EB2BAA /* UIImageView+AFNetworking.h */ = {isa = PBXFileReference; fileEncoding = 4; lastKnownFileType = sourcecode.c.h; path = "UIImageView+AFNetworking.h"; sourceTree = "<group>"; };
		1A933DE21E0958E600EB2BAA /* UIImageView+AFNetworking.m */ = {isa = PBXFileReference; fileEncoding = 4; lastKnownFileType = sourcecode.c.objc; path = "UIImageView+AFNetworking.m"; sourceTree = "<group>"; };
		1A933DE31E0958E600EB2BAA /* UIKit+AFNetworking.h */ = {isa = PBXFileReference; fileEncoding = 4; lastKnownFileType = sourcecode.c.h; path = "UIKit+AFNetworking.h"; sourceTree = "<group>"; };
		1A933DE41E0958E600EB2BAA /* UIProgressView+AFNetworking.h */ = {isa = PBXFileReference; fileEncoding = 4; lastKnownFileType = sourcecode.c.h; path = "UIProgressView+AFNetworking.h"; sourceTree = "<group>"; };
		1A933DE51E0958E600EB2BAA /* UIProgressView+AFNetworking.m */ = {isa = PBXFileReference; fileEncoding = 4; lastKnownFileType = sourcecode.c.objc; path = "UIProgressView+AFNetworking.m"; sourceTree = "<group>"; };
		1A933DE61E0958E600EB2BAA /* UIRefreshControl+AFNetworking.h */ = {isa = PBXFileReference; fileEncoding = 4; lastKnownFileType = sourcecode.c.h; path = "UIRefreshControl+AFNetworking.h"; sourceTree = "<group>"; };
		1A933DE71E0958E600EB2BAA /* UIRefreshControl+AFNetworking.m */ = {isa = PBXFileReference; fileEncoding = 4; lastKnownFileType = sourcecode.c.objc; path = "UIRefreshControl+AFNetworking.m"; sourceTree = "<group>"; };
		1A933DE81E0958E600EB2BAA /* UIWebView+AFNetworking.h */ = {isa = PBXFileReference; fileEncoding = 4; lastKnownFileType = sourcecode.c.h; path = "UIWebView+AFNetworking.h"; sourceTree = "<group>"; };
		1A933DE91E0958E600EB2BAA /* UIWebView+AFNetworking.m */ = {isa = PBXFileReference; fileEncoding = 4; lastKnownFileType = sourcecode.c.objc; path = "UIWebView+AFNetworking.m"; sourceTree = "<group>"; };
		1A933DEB1E0958E600EB2BAA /* QCWeChatPayConfig.h */ = {isa = PBXFileReference; fileEncoding = 4; lastKnownFileType = sourcecode.c.h; path = QCWeChatPayConfig.h; sourceTree = "<group>"; };
		1A933DEC1E0958E600EB2BAA /* QCWeChatPayHandler.h */ = {isa = PBXFileReference; fileEncoding = 4; lastKnownFileType = sourcecode.c.h; path = QCWeChatPayHandler.h; sourceTree = "<group>"; };
		1A933DED1E0958E600EB2BAA /* QCWeChatPayHandler.m */ = {isa = PBXFileReference; fileEncoding = 4; lastKnownFileType = sourcecode.c.objc; path = QCWeChatPayHandler.m; sourceTree = "<group>"; };
		1A933DEE1E0958E600EB2BAA /* QCWeChatSignAdaptor.h */ = {isa = PBXFileReference; fileEncoding = 4; lastKnownFileType = sourcecode.c.h; path = QCWeChatSignAdaptor.h; sourceTree = "<group>"; };
		1A933DEF1E0958E600EB2BAA /* QCWeChatSignAdaptor.m */ = {isa = PBXFileReference; fileEncoding = 4; lastKnownFileType = sourcecode.c.objc; path = QCWeChatSignAdaptor.m; sourceTree = "<group>"; };
		1A933DF51E0958E600EB2BAA /* libWeChatSDK.a */ = {isa = PBXFileReference; lastKnownFileType = archive.ar; path = libWeChatSDK.a; sourceTree = "<group>"; };
		1A933DF61E0958E600EB2BAA /* README.txt */ = {isa = PBXFileReference; fileEncoding = 4; lastKnownFileType = text; path = README.txt; sourceTree = "<group>"; };
		1A933DF71E0958E600EB2BAA /* WechatAuthSDK.h */ = {isa = PBXFileReference; fileEncoding = 4; lastKnownFileType = sourcecode.c.h; path = WechatAuthSDK.h; sourceTree = "<group>"; };
		1A933DF81E0958E600EB2BAA /* WXApi.h */ = {isa = PBXFileReference; fileEncoding = 4; lastKnownFileType = sourcecode.c.h; path = WXApi.h; sourceTree = "<group>"; };
		1A933DF91E0958E600EB2BAA /* WXApiObject.h */ = {isa = PBXFileReference; fileEncoding = 4; lastKnownFileType = sourcecode.c.h; path = WXApiObject.h; sourceTree = "<group>"; };
		1A933E111E0958FE00EB2BAA /* PrefixHeader.pch */ = {isa = PBXFileReference; fileEncoding = 4; lastKnownFileType = sourcecode.c.h; path = PrefixHeader.pch; sourceTree = "<group>"; };
		1A933E131E09599600EB2BAA /* libz.tbd */ = {isa = PBXFileReference; lastKnownFileType = "sourcecode.text-based-dylib-definition"; name = libz.tbd; path = usr/lib/libz.tbd; sourceTree = SDKROOT; };
		1A933E151E09599C00EB2BAA /* libc++.tbd */ = {isa = PBXFileReference; lastKnownFileType = "sourcecode.text-based-dylib-definition"; name = "libc++.tbd"; path = "usr/lib/libc++.tbd"; sourceTree = SDKROOT; };
		1A933E171E0959A300EB2BAA /* libsqlite3.0.tbd */ = {isa = PBXFileReference; lastKnownFileType = "sourcecode.text-based-dylib-definition"; name = libsqlite3.0.tbd; path = usr/lib/libsqlite3.0.tbd; sourceTree = SDKROOT; };
		1A933E191E0959A900EB2BAA /* SystemConfiguration.framework */ = {isa = PBXFileReference; lastKnownFileType = wrapper.framework; name = SystemConfiguration.framework; path = System/Library/Frameworks/SystemConfiguration.framework; sourceTree = SDKROOT; };
		1A933E1B1E0959AF00EB2BAA /* CoreTelephony.framework */ = {isa = PBXFileReference; lastKnownFileType = wrapper.framework; name = CoreTelephony.framework; path = System/Library/Frameworks/CoreTelephony.framework; sourceTree = SDKROOT; };
		1A933E1D1E0959B400EB2BAA /* Security.framework */ = {isa = PBXFileReference; lastKnownFileType = wrapper.framework; name = Security.framework; path = System/Library/Frameworks/Security.framework; sourceTree = SDKROOT; };
		1A933E1F1E0959BB00EB2BAA /* CFNetwork.framework */ = {isa = PBXFileReference; lastKnownFileType = wrapper.framework; name = CFNetwork.framework; path = System/Library/Frameworks/CFNetwork.framework; sourceTree = SDKROOT; };
		1AAC92D81E0AC619005840F0 /* QCWeChatPayManager.h */ = {isa = PBXFileReference; fileEncoding = 4; lastKnownFileType = sourcecode.c.h; path = QCWeChatPayManager.h; sourceTree = "<group>"; };
		1AAC92D91E0AC619005840F0 /* QCWeChatPayManager.m */ = {isa = PBXFileReference; fileEncoding = 4; lastKnownFileType = sourcecode.c.objc; path = QCWeChatPayManager.m; sourceTree = "<group>"; };
		1AAC92DC1E0AC9F6005840F0 /* XMLDictionary.h */ = {isa = PBXFileReference; fileEncoding = 4; lastKnownFileType = sourcecode.c.h; path = XMLDictionary.h; sourceTree = "<group>"; };
		1AAC92DD1E0AC9F6005840F0 /* XMLDictionary.m */ = {isa = PBXFileReference; fileEncoding = 4; lastKnownFileType = sourcecode.c.objc; path = XMLDictionary.m; sourceTree = "<group>"; };
/* End PBXFileReference section */

/* Begin PBXFrameworksBuildPhase section */
		1A933DA61E09581C00EB2BAA /* Frameworks */ = {
			isa = PBXFrameworksBuildPhase;
			buildActionMask = 2147483647;
			files = (
				1A933E201E0959BB00EB2BAA /* CFNetwork.framework in Frameworks */,
				1A933E1E1E0959B400EB2BAA /* Security.framework in Frameworks */,
				1A933E1C1E0959AF00EB2BAA /* CoreTelephony.framework in Frameworks */,
				1A933E1A1E0959A900EB2BAA /* SystemConfiguration.framework in Frameworks */,
				1A933E161E09599C00EB2BAA /* libc++.tbd in Frameworks */,
				1A933E141E09599600EB2BAA /* libz.tbd in Frameworks */,
				1A933E181E0959A300EB2BAA /* libsqlite3.0.tbd in Frameworks */,
				1A933E0F1E0958E600EB2BAA /* libWeChatSDK.a in Frameworks */,
			);
			runOnlyForDeploymentPostprocessing = 0;
		};
/* End PBXFrameworksBuildPhase section */

/* Begin PBXGroup section */
		1A933DA01E09581C00EB2BAA = {
			isa = PBXGroup;
			children = (
				1A933DAB1E09581C00EB2BAA /* QCWeChatPayDemo */,
				1A933DAA1E09581C00EB2BAA /* Products */,
				1A933E121E09599600EB2BAA /* Frameworks */,
			);
			sourceTree = "<group>";
		};
		1A933DAA1E09581C00EB2BAA /* Products */ = {
			isa = PBXGroup;
			children = (
				1A933DA91E09581C00EB2BAA /* QCWeChatPayDemo.app */,
			);
			name = Products;
			sourceTree = "<group>";
		};
		1A933DAB1E09581C00EB2BAA /* QCWeChatPayDemo */ = {
			isa = PBXGroup;
			children = (
				1A933DAF1E09581C00EB2BAA /* AppDelegate.h */,
				1A933DB01E09581C00EB2BAA /* AppDelegate.m */,
				1A933DB21E09581C00EB2BAA /* ViewController.h */,
				1A933DB31E09581C00EB2BAA /* ViewController.m */,
				1A933DC31E0958E600EB2BAA /* QCWeChatPay */,
				1A933DB81E09581C00EB2BAA /* Assets.xcassets */,
				1A933DB51E09581C00EB2BAA /* Main.storyboard */,
				1A933DBD1E09581C00EB2BAA /* Info.plist */,
				1A933E111E0958FE00EB2BAA /* PrefixHeader.pch */,
				1A933DAC1E09581C00EB2BAA /* Supporting Files */,
			);
			path = QCWeChatPayDemo;
			sourceTree = "<group>";
		};
		1A933DAC1E09581C00EB2BAA /* Supporting Files */ = {
			isa = PBXGroup;
			children = (
				1A933DAD1E09581C00EB2BAA /* main.m */,
				1A933DBA1E09581C00EB2BAA /* LaunchScreen.storyboard */,
			);
			name = "Supporting Files";
			sourceTree = "<group>";
		};
		1A933DC31E0958E600EB2BAA /* QCWeChatPay */ = {
			isa = PBXGroup;
			children = (
				1A933DEA1E0958E600EB2BAA /* QCWeChatPayTool */,
				1A933DF41E0958E600EB2BAA /* WeChatSDK-1.7.5 */,
				1A933DC41E0958E600EB2BAA /* AFNetworking-3.1.0 */,
			);
			path = QCWeChatPay;
			sourceTree = SOURCE_ROOT;
		};
		1A933DC41E0958E600EB2BAA /* AFNetworking-3.1.0 */ = {
			isa = PBXGroup;
			children = (
				1A933DC51E0958E600EB2BAA /* AFNetworking */,
				1A933DD31E0958E600EB2BAA /* AFNetworking.md */,
				1A933DD41E0958E600EB2BAA /* README.md */,
				1A933DD51E0958E600EB2BAA /* UIKit+AFNetworking */,
			);
			path = "AFNetworking-3.1.0";
			sourceTree = "<group>";
		};
		1A933DC51E0958E600EB2BAA /* AFNetworking */ = {
			isa = PBXGroup;
			children = (
				1A933DC61E0958E600EB2BAA /* AFHTTPSessionManager.h */,
				1A933DC71E0958E600EB2BAA /* AFHTTPSessionManager.m */,
				1A933DC81E0958E600EB2BAA /* AFNetworking.h */,
				1A933DC91E0958E600EB2BAA /* AFNetworkReachabilityManager.h */,
				1A933DCA1E0958E600EB2BAA /* AFNetworkReachabilityManager.m */,
				1A933DCB1E0958E600EB2BAA /* AFSecurityPolicy.h */,
				1A933DCC1E0958E600EB2BAA /* AFSecurityPolicy.m */,
				1A933DCD1E0958E600EB2BAA /* AFURLRequestSerialization.h */,
				1A933DCE1E0958E600EB2BAA /* AFURLRequestSerialization.m */,
				1A933DCF1E0958E600EB2BAA /* AFURLResponseSerialization.h */,
				1A933DD01E0958E600EB2BAA /* AFURLResponseSerialization.m */,
				1A933DD11E0958E600EB2BAA /* AFURLSessionManager.h */,
				1A933DD21E0958E600EB2BAA /* AFURLSessionManager.m */,
			);
			path = AFNetworking;
			sourceTree = "<group>";
		};
		1A933DD51E0958E600EB2BAA /* UIKit+AFNetworking */ = {
			isa = PBXGroup;
			children = (
				1A933DD61E0958E600EB2BAA /* AFAutoPurgingImageCache.h */,
				1A933DD71E0958E600EB2BAA /* AFAutoPurgingImageCache.m */,
				1A933DD81E0958E600EB2BAA /* AFImageDownloader.h */,
				1A933DD91E0958E600EB2BAA /* AFImageDownloader.m */,
				1A933DDA1E0958E600EB2BAA /* AFNetworkActivityIndicatorManager.h */,
				1A933DDB1E0958E600EB2BAA /* AFNetworkActivityIndicatorManager.m */,
				1A933DDC1E0958E600EB2BAA /* UIActivityIndicatorView+AFNetworking.h */,
				1A933DDD1E0958E600EB2BAA /* UIActivityIndicatorView+AFNetworking.m */,
				1A933DDE1E0958E600EB2BAA /* UIButton+AFNetworking.h */,
				1A933DDF1E0958E600EB2BAA /* UIButton+AFNetworking.m */,
				1A933DE01E0958E600EB2BAA /* UIImage+AFNetworking.h */,
				1A933DE11E0958E600EB2BAA /* UIImageView+AFNetworking.h */,
				1A933DE21E0958E600EB2BAA /* UIImageView+AFNetworking.m */,
				1A933DE31E0958E600EB2BAA /* UIKit+AFNetworking.h */,
				1A933DE41E0958E600EB2BAA /* UIProgressView+AFNetworking.h */,
				1A933DE51E0958E600EB2BAA /* UIProgressView+AFNetworking.m */,
				1A933DE61E0958E600EB2BAA /* UIRefreshControl+AFNetworking.h */,
				1A933DE71E0958E600EB2BAA /* UIRefreshControl+AFNetworking.m */,
				1A933DE81E0958E600EB2BAA /* UIWebView+AFNetworking.h */,
				1A933DE91E0958E600EB2BAA /* UIWebView+AFNetworking.m */,
			);
			path = "UIKit+AFNetworking";
			sourceTree = "<group>";
		};
		1A933DEA1E0958E600EB2BAA /* QCWeChatPayTool */ = {
			isa = PBXGroup;
			children = (
				1A933DEB1E0958E600EB2BAA /* QCWeChatPayConfig.h */,
				1A933DEC1E0958E600EB2BAA /* QCWeChatPayHandler.h */,
				1A933DED1E0958E600EB2BAA /* QCWeChatPayHandler.m */,
				1AAC92D81E0AC619005840F0 /* QCWeChatPayManager.h */,
				1AAC92D91E0AC619005840F0 /* QCWeChatPayManager.m */,
				1A933DEE1E0958E600EB2BAA /* QCWeChatSignAdaptor.h */,
				1A933DEF1E0958E600EB2BAA /* QCWeChatSignAdaptor.m */,
				1AAC92DB1E0AC9F6005840F0 /* Tools */,
			);
			path = QCWeChatPayTool;
			sourceTree = "<group>";
		};
		1A933DF41E0958E600EB2BAA /* WeChatSDK-1.7.5 */ = {
			isa = PBXGroup;
			children = (
				1A933DF51E0958E600EB2BAA /* libWeChatSDK.a */,
				1A933DF61E0958E600EB2BAA /* README.txt */,
				1A933DF71E0958E600EB2BAA /* WechatAuthSDK.h */,
				1A933DF81E0958E600EB2BAA /* WXApi.h */,
				1A933DF91E0958E600EB2BAA /* WXApiObject.h */,
			);
			path = "WeChatSDK-1.7.5";
			sourceTree = "<group>";
		};
		1A933E121E09599600EB2BAA /* Frameworks */ = {
			isa = PBXGroup;
			children = (
				1A933E1F1E0959BB00EB2BAA /* CFNetwork.framework */,
				1A933E1D1E0959B400EB2BAA /* Security.framework */,
				1A933E1B1E0959AF00EB2BAA /* CoreTelephony.framework */,
				1A933E191E0959A900EB2BAA /* SystemConfiguration.framework */,
				1A933E171E0959A300EB2BAA /* libsqlite3.0.tbd */,
				1A933E151E09599C00EB2BAA /* libc++.tbd */,
				1A933E131E09599600EB2BAA /* libz.tbd */,
			);
			name = Frameworks;
			sourceTree = "<group>";
		};
		1AAC92DB1E0AC9F6005840F0 /* Tools */ = {
			isa = PBXGroup;
			children = (
				1AAC92DC1E0AC9F6005840F0 /* XMLDictionary.h */,
				1AAC92DD1E0AC9F6005840F0 /* XMLDictionary.m */,
			);
			path = Tools;
			sourceTree = "<group>";
		};
/* End PBXGroup section */

/* Begin PBXNativeTarget section */
		1A933DA81E09581C00EB2BAA /* QCWeChatPayDemo */ = {
			isa = PBXNativeTarget;
			buildConfigurationList = 1A933DC01E09581C00EB2BAA /* Build configuration list for PBXNativeTarget "QCWeChatPayDemo" */;
			buildPhases = (
				1A933DA51E09581C00EB2BAA /* Sources */,
				1A933DA61E09581C00EB2BAA /* Frameworks */,
				1A933DA71E09581C00EB2BAA /* Resources */,
			);
			buildRules = (
			);
			dependencies = (
			);
			name = QCWeChatPayDemo;
			productName = QCWeChatPayDemo;
			productReference = 1A933DA91E09581C00EB2BAA /* QCWeChatPayDemo.app */;
			productType = "com.apple.product-type.application";
		};
/* End PBXNativeTarget section */

/* Begin PBXProject section */
		1A933DA11E09581C00EB2BAA /* Project object */ = {
			isa = PBXProject;
			attributes = {
				CLASSPREFIX = QC;
				LastUpgradeCheck = 0820;
				ORGANIZATIONNAME = "QianQian-Studio";
				TargetAttributes = {
					1A933DA81E09581C00EB2BAA = {
						CreatedOnToolsVersion = 8.2;
						DevelopmentTeam = 4L6EZSBXC4;
						ProvisioningStyle = Automatic;
					};
				};
			};
			buildConfigurationList = 1A933DA41E09581C00EB2BAA /* Build configuration list for PBXProject "QCWeChatPayDemo" */;
			compatibilityVersion = "Xcode 3.2";
			developmentRegion = English;
			hasScannedForEncodings = 0;
			knownRegions = (
				en,
				Base,
			);
			mainGroup = 1A933DA01E09581C00EB2BAA;
			productRefGroup = 1A933DAA1E09581C00EB2BAA /* Products */;
			projectDirPath = "";
			projectRoot = "";
			targets = (
				1A933DA81E09581C00EB2BAA /* QCWeChatPayDemo */,
			);
		};
/* End PBXProject section */

/* Begin PBXResourcesBuildPhase section */
		1A933DA71E09581C00EB2BAA /* Resources */ = {
			isa = PBXResourcesBuildPhase;
			buildActionMask = 2147483647;
			files = (
				1A933DBC1E09581C00EB2BAA /* LaunchScreen.storyboard in Resources */,
				1A933DB91E09581C00EB2BAA /* Assets.xcassets in Resources */,
				1A933E101E0958E600EB2BAA /* README.txt in Resources */,
				1A933DB71E09581C00EB2BAA /* Main.storyboard in Resources */,
			);
			runOnlyForDeploymentPostprocessing = 0;
		};
/* End PBXResourcesBuildPhase section */

/* Begin PBXSourcesBuildPhase section */
		1A933DA51E09581C00EB2BAA /* Sources */ = {
			isa = PBXSourcesBuildPhase;
			buildActionMask = 2147483647;
			files = (
				1A933DFF1E0958E600EB2BAA /* AFURLSessionManager.m in Sources */,
				1A933E071E0958E600EB2BAA /* UIImageView+AFNetworking.m in Sources */,
				1A933DB41E09581C00EB2BAA /* ViewController.m in Sources */,
				1A933DB11E09581C00EB2BAA /* AppDelegate.m in Sources */,
				1A933E081E0958E600EB2BAA /* UIProgressView+AFNetworking.m in Sources */,
				1A933E031E0958E600EB2BAA /* AFImageDownloader.m in Sources */,
				1A933E021E0958E600EB2BAA /* AFAutoPurgingImageCache.m in Sources */,
				1AAC92DE1E0AC9F6005840F0 /* XMLDictionary.m in Sources */,
				1A933DFB1E0958E600EB2BAA /* AFNetworkReachabilityManager.m in Sources */,
				1A933E061E0958E600EB2BAA /* UIButton+AFNetworking.m in Sources */,
				1A933E051E0958E600EB2BAA /* UIActivityIndicatorView+AFNetworking.m in Sources */,
				1A933DAE1E09581C00EB2BAA /* main.m in Sources */,
				1A933E091E0958E600EB2BAA /* UIRefreshControl+AFNetworking.m in Sources */,
				1A933E0A1E0958E600EB2BAA /* UIWebView+AFNetworking.m in Sources */,
				1A933DFC1E0958E600EB2BAA /* AFSecurityPolicy.m in Sources */,
				1A933DFD1E0958E600EB2BAA /* AFURLRequestSerialization.m in Sources */,
				1A933E0C1E0958E600EB2BAA /* QCWeChatSignAdaptor.m in Sources */,
				1AAC92DA1E0AC619005840F0 /* QCWeChatPayManager.m in Sources */,
				1A933E0B1E0958E600EB2BAA /* QCWeChatPayHandler.m in Sources */,
				1A933DFE1E0958E600EB2BAA /* AFURLResponseSerialization.m in Sources */,
				1A933E041E0958E600EB2BAA /* AFNetworkActivityIndicatorManager.m in Sources */,
				1A933DFA1E0958E600EB2BAA /* AFHTTPSessionManager.m in Sources */,
			);
			runOnlyForDeploymentPostprocessing = 0;
		};
/* End PBXSourcesBuildPhase section */

/* Begin PBXVariantGroup section */
		1A933DB51E09581C00EB2BAA /* Main.storyboard */ = {
			isa = PBXVariantGroup;
			children = (
				1A933DB61E09581C00EB2BAA /* Base */,
			);
			name = Main.storyboard;
			sourceTree = "<group>";
		};
		1A933DBA1E09581C00EB2BAA /* LaunchScreen.storyboard */ = {
			isa = PBXVariantGroup;
			children = (
				1A933DBB1E09581C00EB2BAA /* Base */,
			);
			name = LaunchScreen.storyboard;
			sourceTree = "<group>";
		};
/* End PBXVariantGroup section */

/* Begin XCBuildConfiguration section */
		1A933DBE1E09581C00EB2BAA /* Debug */ = {
			isa = XCBuildConfiguration;
			buildSettings = {
				ALWAYS_SEARCH_USER_PATHS = NO;
				CLANG_ANALYZER_NONNULL = YES;
				CLANG_CXX_LANGUAGE_STANDARD = "gnu++0x";
				CLANG_CXX_LIBRARY = "libc++";
				CLANG_ENABLE_MODULES = YES;
				CLANG_ENABLE_OBJC_ARC = YES;
				CLANG_WARN_BOOL_CONVERSION = YES;
				CLANG_WARN_CONSTANT_CONVERSION = YES;
				CLANG_WARN_DIRECT_OBJC_ISA_USAGE = YES_ERROR;
				CLANG_WARN_DOCUMENTATION_COMMENTS = YES;
				CLANG_WARN_EMPTY_BODY = YES;
				CLANG_WARN_ENUM_CONVERSION = YES;
				CLANG_WARN_INFINITE_RECURSION = YES;
				CLANG_WARN_INT_CONVERSION = YES;
				CLANG_WARN_OBJC_ROOT_CLASS = YES_ERROR;
				CLANG_WARN_SUSPICIOUS_MOVE = YES;
				CLANG_WARN_UNREACHABLE_CODE = YES;
				CLANG_WARN__DUPLICATE_METHOD_MATCH = YES;
				"CODE_SIGN_IDENTITY[sdk=iphoneos*]" = "iPhone Developer";
				COPY_PHASE_STRIP = NO;
				DEBUG_INFORMATION_FORMAT = dwarf;
				ENABLE_STRICT_OBJC_MSGSEND = YES;
				ENABLE_TESTABILITY = YES;
				GCC_C_LANGUAGE_STANDARD = gnu99;
				GCC_DYNAMIC_NO_PIC = NO;
				GCC_NO_COMMON_BLOCKS = YES;
				GCC_OPTIMIZATION_LEVEL = 0;
				GCC_PREPROCESSOR_DEFINITIONS = (
					"DEBUG=1",
					"$(inherited)",
				);
				GCC_WARN_64_TO_32_BIT_CONVERSION = YES;
				GCC_WARN_ABOUT_RETURN_TYPE = YES_ERROR;
				GCC_WARN_UNDECLARED_SELECTOR = YES;
				GCC_WARN_UNINITIALIZED_AUTOS = YES_AGGRESSIVE;
				GCC_WARN_UNUSED_FUNCTION = YES;
				GCC_WARN_UNUSED_VARIABLE = YES;
				IPHONEOS_DEPLOYMENT_TARGET = 10.2;
				MTL_ENABLE_DEBUG_INFO = YES;
				ONLY_ACTIVE_ARCH = YES;
				SDKROOT = iphoneos;
				TARGETED_DEVICE_FAMILY = "1,2";
			};
			name = Debug;
		};
		1A933DBF1E09581C00EB2BAA /* Release */ = {
			isa = XCBuildConfiguration;
			buildSettings = {
				ALWAYS_SEARCH_USER_PATHS = NO;
				CLANG_ANALYZER_NONNULL = YES;
				CLANG_CXX_LANGUAGE_STANDARD = "gnu++0x";
				CLANG_CXX_LIBRARY = "libc++";
				CLANG_ENABLE_MODULES = YES;
				CLANG_ENABLE_OBJC_ARC = YES;
				CLANG_WARN_BOOL_CONVERSION = YES;
				CLANG_WARN_CONSTANT_CONVERSION = YES;
				CLANG_WARN_DIRECT_OBJC_ISA_USAGE = YES_ERROR;
				CLANG_WARN_DOCUMENTATION_COMMENTS = YES;
				CLANG_WARN_EMPTY_BODY = YES;
				CLANG_WARN_ENUM_CONVERSION = YES;
				CLANG_WARN_INFINITE_RECURSION = YES;
				CLANG_WARN_INT_CONVERSION = YES;
				CLANG_WARN_OBJC_ROOT_CLASS = YES_ERROR;
				CLANG_WARN_SUSPICIOUS_MOVE = YES;
				CLANG_WARN_UNREACHABLE_CODE = YES;
				CLANG_WARN__DUPLICATE_METHOD_MATCH = YES;
				"CODE_SIGN_IDENTITY[sdk=iphoneos*]" = "iPhone Developer";
				COPY_PHASE_STRIP = NO;
				DEBUG_INFORMATION_FORMAT = "dwarf-with-dsym";
				ENABLE_NS_ASSERTIONS = NO;
				ENABLE_STRICT_OBJC_MSGSEND = YES;
				GCC_C_LANGUAGE_STANDARD = gnu99;
				GCC_NO_COMMON_BLOCKS = YES;
				GCC_WARN_64_TO_32_BIT_CONVERSION = YES;
				GCC_WARN_ABOUT_RETURN_TYPE = YES_ERROR;
				GCC_WARN_UNDECLARED_SELECTOR = YES;
				GCC_WARN_UNINITIALIZED_AUTOS = YES_AGGRESSIVE;
				GCC_WARN_UNUSED_FUNCTION = YES;
				GCC_WARN_UNUSED_VARIABLE = YES;
				IPHONEOS_DEPLOYMENT_TARGET = 10.2;
				MTL_ENABLE_DEBUG_INFO = NO;
				SDKROOT = iphoneos;
				TARGETED_DEVICE_FAMILY = "1,2";
				VALIDATE_PRODUCT = YES;
			};
			name = Release;
		};
		1A933DC11E09581C00EB2BAA /* Debug */ = {
			isa = XCBuildConfiguration;
			buildSettings = {
				ASSETCATALOG_COMPILER_APPICON_NAME = AppIcon;
				DEVELOPMENT_TEAM = 4L6EZSBXC4;
				GCC_PRECOMPILE_PREFIX_HEADER = YES;
				GCC_PREFIX_HEADER = "$(SRCROOT)/QCWeChatPayDemo/PrefixHeader.pch";
				INFOPLIST_FILE = QCWeChatPayDemo/Info.plist;
				IPHONEOS_DEPLOYMENT_TARGET = 8.0;
				LD_RUNPATH_SEARCH_PATHS = "$(inherited) @executable_path/Frameworks";
				LIBRARY_SEARCH_PATHS = (
					"$(inherited)",
					"$(PROJECT_DIR)/QCWeChatPay/WeChatSDK-1.7.5",
				);
				OTHER_LDFLAGS = "-ObjC";
				PRODUCT_BUNDLE_IDENTIFIER = com.qianqianstudio.QCWeChatPayDemo;
				PRODUCT_NAME = "$(TARGET_NAME)";
			};
			name = Debug;
		};
		1A933DC21E09581C00EB2BAA /* Release */ = {
			isa = XCBuildConfiguration;
			buildSettings = {
				ASSETCATALOG_COMPILER_APPICON_NAME = AppIcon;
				DEVELOPMENT_TEAM = 4L6EZSBXC4;
				GCC_PRECOMPILE_PREFIX_HEADER = YES;
				GCC_PREFIX_HEADER = "$(SRCROOT)/QCWeChatPayDemo/PrefixHeader.pch";
				INFOPLIST_FILE = QCWeChatPayDemo/Info.plist;
				IPHONEOS_DEPLOYMENT_TARGET = 8.0;
				LD_RUNPATH_SEARCH_PATHS = "$(inherited) @executable_path/Frameworks";
				LIBRARY_SEARCH_PATHS = (
					"$(inherited)",
					"$(PROJECT_DIR)/QCWeChatPay/WeChatSDK-1.7.5",
				);
				OTHER_LDFLAGS = "-ObjC";
				PRODUCT_BUNDLE_IDENTIFIER = com.qianqianstudio.QCWeChatPayDemo;
				PRODUCT_NAME = "$(TARGET_NAME)";
			};
			name = Release;
		};
/* End XCBuildConfiguration section */

/* Begin XCConfigurationList section */
		1A933DA41E09581C00EB2BAA /* Build configuration list for PBXProject "QCWeChatPayDemo" */ = {
			isa = XCConfigurationList;
			buildConfigurations = (
				1A933DBE1E09581C00EB2BAA /* Debug */,
				1A933DBF1E09581C00EB2BAA /* Release */,
			);
			defaultConfigurationIsVisible = 0;
			defaultConfigurationName = Release;
		};
		1A933DC01E09581C00EB2BAA /* Build configuration list for PBXNativeTarget "QCWeChatPayDemo" */ = {
			isa = XCConfigurationList;
			buildConfigurations = (
				1A933DC11E09581C00EB2BAA /* Debug */,
				1A933DC21E09581C00EB2BAA /* Release */,
			);
			defaultConfigurationIsVisible = 0;
			defaultConfigurationName = Release;
		};
/* End XCConfigurationList section */
	};
	rootObject = 1A933DA11E09581C00EB2BAA /* Project object */;
}
